// !$*UTF8*$!
{
	archiveVersion = 1;
	classes = {
	};
	objectVersion = 50;
	objects = {

/* Begin PBXBuildFile section */
		8A91F8C92F2BF627C7444DFA /* Pods_CalenderApp.framework in Frameworks */ = {isa = PBXBuildFile; fileRef = 2FE4BDCC7FB971B89D3755C4 /* Pods_CalenderApp.framework */; };
		CE07D8CD229FB14A00D5BAFB /* AppDelegate.swift in Sources */ = {isa = PBXBuildFile; fileRef = CE07D8CC229FB14A00D5BAFB /* AppDelegate.swift */; };
		CE07D8CF229FB14A00D5BAFB /* ViewController.swift in Sources */ = {isa = PBXBuildFile; fileRef = CE07D8CE229FB14A00D5BAFB /* ViewController.swift */; };
		CE07D8D2229FB14A00D5BAFB /* Main.storyboard in Resources */ = {isa = PBXBuildFile; fileRef = CE07D8D0229FB14A00D5BAFB /* Main.storyboard */; };
		CE07D8D4229FB14D00D5BAFB /* Assets.xcassets in Resources */ = {isa = PBXBuildFile; fileRef = CE07D8D3229FB14D00D5BAFB /* Assets.xcassets */; };
		CE07D8D7229FB14D00D5BAFB /* LaunchScreen.storyboard in Resources */ = {isa = PBXBuildFile; fileRef = CE07D8D5229FB14D00D5BAFB /* LaunchScreen.storyboard */; };
		CE07D8DF22A8E98200D5BAFB /* GoogleService-Info.plist in Resources */ = {isa = PBXBuildFile; fileRef = CE07D8DE22A8E98200D5BAFB /* GoogleService-Info.plist */; };
		CE07D8E122ACD5A200D5BAFB /* LoginViewController.swift in Sources */ = {isa = PBXBuildFile; fileRef = CE07D8E022ACD5A200D5BAFB /* LoginViewController.swift */; };
		CE07D8E322ADFDF800D5BAFB /* HomeViewController.swift in Sources */ = {isa = PBXBuildFile; fileRef = CE07D8E222ADFDF800D5BAFB /* HomeViewController.swift */; };
		CE07D8E522ADFE0C00D5BAFB /* ArtistSearchViewController.swift in Sources */ = {isa = PBXBuildFile; fileRef = CE07D8E422ADFE0C00D5BAFB /* ArtistSearchViewController.swift */; };
		CE07D8E722ADFE1600D5BAFB /* ArtistListViewController.swift in Sources */ = {isa = PBXBuildFile; fileRef = CE07D8E622ADFE1600D5BAFB /* ArtistListViewController.swift */; };
		CE07D8E922ADFE2000D5BAFB /* ArtistViewController.swift in Sources */ = {isa = PBXBuildFile; fileRef = CE07D8E822ADFE2000D5BAFB /* ArtistViewController.swift */; };
		CE07D8EB22ADFE2C00D5BAFB /* LiveSearchListViewController.swift in Sources */ = {isa = PBXBuildFile; fileRef = CE07D8EA22ADFE2C00D5BAFB /* LiveSearchListViewController.swift */; };
		CE07D8ED22ADFE3A00D5BAFB /* LiveSearchViewController.swift in Sources */ = {isa = PBXBuildFile; fileRef = CE07D8EC22ADFE3A00D5BAFB /* LiveSearchViewController.swift */; };
		CE07D8EF22ADFE4300D5BAFB /* LiveListViewController.swift in Sources */ = {isa = PBXBuildFile; fileRef = CE07D8EE22ADFE4300D5BAFB /* LiveListViewController.swift */; };
		CE07D8F122ADFE4C00D5BAFB /* LiveViewController.swift in Sources */ = {isa = PBXBuildFile; fileRef = CE07D8F022ADFE4C00D5BAFB /* LiveViewController.swift */; };
		CE07D8F322ADFE5A00D5BAFB /* LiveHouseViewController.swift in Sources */ = {isa = PBXBuildFile; fileRef = CE07D8F222ADFE5A00D5BAFB /* LiveHouseViewController.swift */; };
		CE07D8F522ADFE6700D5BAFB /* A_HomeViewController.swift in Sources */ = {isa = PBXBuildFile; fileRef = CE07D8F422ADFE6700D5BAFB /* A_HomeViewController.swift */; };
		CE07D8F722ADFE7700D5BAFB /* A_InfomationLiveViewController.swift in Sources */ = {isa = PBXBuildFile; fileRef = CE07D8F622ADFE7700D5BAFB /* A_InfomationLiveViewController.swift */; };
		CE07D8F922ADFE8500D5BAFB /* A_InfomationArtistViewController.swift in Sources */ = {isa = PBXBuildFile; fileRef = CE07D8F822ADFE8500D5BAFB /* A_InfomationArtistViewController.swift */; };
		CE07D8FB22ADFE9100D5BAFB /* A_InfomationLiveListViewController.swift in Sources */ = {isa = PBXBuildFile; fileRef = CE07D8FA22ADFE9100D5BAFB /* A_InfomationLiveListViewController.swift */; };
		CE07D8FD22ADFEA300D5BAFB /* A_SearchLiveHouseViewController.swift in Sources */ = {isa = PBXBuildFile; fileRef = CE07D8FC22ADFEA300D5BAFB /* A_SearchLiveHouseViewController.swift */; };
		CE07D8FF22ADFEB000D5BAFB /* A_ReservationViewController.swift in Sources */ = {isa = PBXBuildFile; fileRef = CE07D8FE22ADFEB000D5BAFB /* A_ReservationViewController.swift */; };
		CE07D90122ADFEBA00D5BAFB /* A_RequestViewController.swift in Sources */ = {isa = PBXBuildFile; fileRef = CE07D90022ADFEBA00D5BAFB /* A_RequestViewController.swift */; };
/* End PBXBuildFile section */

/* Begin PBXFileReference section */
		2FE4BDCC7FB971B89D3755C4 /* Pods_CalenderApp.framework */ = {isa = PBXFileReference; explicitFileType = wrapper.framework; includeInIndex = 0; path = Pods_CalenderApp.framework; sourceTree = BUILT_PRODUCTS_DIR; };
		CE07D8C9229FB14A00D5BAFB /* CalenderApp.app */ = {isa = PBXFileReference; explicitFileType = wrapper.application; includeInIndex = 0; path = CalenderApp.app; sourceTree = BUILT_PRODUCTS_DIR; };
		CE07D8CC229FB14A00D5BAFB /* AppDelegate.swift */ = {isa = PBXFileReference; lastKnownFileType = sourcecode.swift; path = AppDelegate.swift; sourceTree = "<group>"; };
		CE07D8CE229FB14A00D5BAFB /* ViewController.swift */ = {isa = PBXFileReference; lastKnownFileType = sourcecode.swift; path = ViewController.swift; sourceTree = "<group>"; };
		CE07D8D1229FB14A00D5BAFB /* Base */ = {isa = PBXFileReference; lastKnownFileType = file.storyboard; name = Base; path = Base.lproj/Main.storyboard; sourceTree = "<group>"; };
		CE07D8D3229FB14D00D5BAFB /* Assets.xcassets */ = {isa = PBXFileReference; lastKnownFileType = folder.assetcatalog; path = Assets.xcassets; sourceTree = "<group>"; };
		CE07D8D6229FB14D00D5BAFB /* Base */ = {isa = PBXFileReference; lastKnownFileType = file.storyboard; name = Base; path = Base.lproj/LaunchScreen.storyboard; sourceTree = "<group>"; };
		CE07D8D8229FB14D00D5BAFB /* Info.plist */ = {isa = PBXFileReference; lastKnownFileType = text.plist.xml; path = Info.plist; sourceTree = "<group>"; };
		CE07D8DE22A8E98200D5BAFB /* GoogleService-Info.plist */ = {isa = PBXFileReference; fileEncoding = 4; lastKnownFileType = text.plist.xml; path = "GoogleService-Info.plist"; sourceTree = "<group>"; };
		CE07D8E022ACD5A200D5BAFB /* LoginViewController.swift */ = {isa = PBXFileReference; lastKnownFileType = sourcecode.swift; path = LoginViewController.swift; sourceTree = "<group>"; };
		CE07D8E222ADFDF800D5BAFB /* HomeViewController.swift */ = {isa = PBXFileReference; lastKnownFileType = sourcecode.swift; path = HomeViewController.swift; sourceTree = "<group>"; };
		CE07D8E422ADFE0C00D5BAFB /* ArtistSearchViewController.swift */ = {isa = PBXFileReference; lastKnownFileType = sourcecode.swift; path = ArtistSearchViewController.swift; sourceTree = "<group>"; };
		CE07D8E622ADFE1600D5BAFB /* ArtistListViewController.swift */ = {isa = PBXFileReference; lastKnownFileType = sourcecode.swift; path = ArtistListViewController.swift; sourceTree = "<group>"; };
		CE07D8E822ADFE2000D5BAFB /* ArtistViewController.swift */ = {isa = PBXFileReference; lastKnownFileType = sourcecode.swift; path = ArtistViewController.swift; sourceTree = "<group>"; };
		CE07D8EA22ADFE2C00D5BAFB /* LiveSearchListViewController.swift */ = {isa = PBXFileReference; lastKnownFileType = sourcecode.swift; path = LiveSearchListViewController.swift; sourceTree = "<group>"; };
		CE07D8EC22ADFE3A00D5BAFB /* LiveSearchViewController.swift */ = {isa = PBXFileReference; lastKnownFileType = sourcecode.swift; path = LiveSearchViewController.swift; sourceTree = "<group>"; };
		CE07D8EE22ADFE4300D5BAFB /* LiveListViewController.swift */ = {isa = PBXFileReference; lastKnownFileType = sourcecode.swift; path = LiveListViewController.swift; sourceTree = "<group>"; };
		CE07D8F022ADFE4C00D5BAFB /* LiveViewController.swift */ = {isa = PBXFileReference; lastKnownFileType = sourcecode.swift; path = LiveViewController.swift; sourceTree = "<group>"; };
		CE07D8F222ADFE5A00D5BAFB /* LiveHouseViewController.swift */ = {isa = PBXFileReference; lastKnownFileType = sourcecode.swift; path = LiveHouseViewController.swift; sourceTree = "<group>"; };
		CE07D8F422ADFE6700D5BAFB /* A_HomeViewController.swift */ = {isa = PBXFileReference; lastKnownFileType = sourcecode.swift; path = A_HomeViewController.swift; sourceTree = "<group>"; };
		CE07D8F622ADFE7700D5BAFB /* A_InfomationLiveViewController.swift */ = {isa = PBXFileReference; lastKnownFileType = sourcecode.swift; path = A_InfomationLiveViewController.swift; sourceTree = "<group>"; };
		CE07D8F822ADFE8500D5BAFB /* A_InfomationArtistViewController.swift */ = {isa = PBXFileReference; lastKnownFileType = sourcecode.swift; path = A_InfomationArtistViewController.swift; sourceTree = "<group>"; };
		CE07D8FA22ADFE9100D5BAFB /* A_InfomationLiveListViewController.swift */ = {isa = PBXFileReference; lastKnownFileType = sourcecode.swift; path = A_InfomationLiveListViewController.swift; sourceTree = "<group>"; };
		CE07D8FC22ADFEA300D5BAFB /* A_SearchLiveHouseViewController.swift */ = {isa = PBXFileReference; lastKnownFileType = sourcecode.swift; path = A_SearchLiveHouseViewController.swift; sourceTree = "<group>"; };
		CE07D8FE22ADFEB000D5BAFB /* A_ReservationViewController.swift */ = {isa = PBXFileReference; lastKnownFileType = sourcecode.swift; path = A_ReservationViewController.swift; sourceTree = "<group>"; };
		CE07D90022ADFEBA00D5BAFB /* A_RequestViewController.swift */ = {isa = PBXFileReference; lastKnownFileType = sourcecode.swift; path = A_RequestViewController.swift; sourceTree = "<group>"; };
		D3358CA0A65338857E8F1A50 /* Pods-CalenderApp.release.xcconfig */ = {isa = PBXFileReference; includeInIndex = 1; lastKnownFileType = text.xcconfig; name = "Pods-CalenderApp.release.xcconfig"; path = "Target Support Files/Pods-CalenderApp/Pods-CalenderApp.release.xcconfig"; sourceTree = "<group>"; };
		DE40504940CDC67384BC8FC1 /* Pods-CalenderApp.debug.xcconfig */ = {isa = PBXFileReference; includeInIndex = 1; lastKnownFileType = text.xcconfig; name = "Pods-CalenderApp.debug.xcconfig"; path = "Target Support Files/Pods-CalenderApp/Pods-CalenderApp.debug.xcconfig"; sourceTree = "<group>"; };
/* End PBXFileReference section */

/* Begin PBXFrameworksBuildPhase section */
		CE07D8C6229FB14A00D5BAFB /* Frameworks */ = {
			isa = PBXFrameworksBuildPhase;
			buildActionMask = 2147483647;
			files = (
				8A91F8C92F2BF627C7444DFA /* Pods_CalenderApp.framework in Frameworks */,
			);
			runOnlyForDeploymentPostprocessing = 0;
		};
/* End PBXFrameworksBuildPhase section */

/* Begin PBXGroup section */
		68202F1CD923C284C16F8AAD /* Frameworks */ = {
			isa = PBXGroup;
			children = (
				2FE4BDCC7FB971B89D3755C4 /* Pods_CalenderApp.framework */,
			);
			name = Frameworks;
			sourceTree = "<group>";
		};
		997344FAA3546D6F00B0D668 /* Pods */ = {
			isa = PBXGroup;
			children = (
				DE40504940CDC67384BC8FC1 /* Pods-CalenderApp.debug.xcconfig */,
				D3358CA0A65338857E8F1A50 /* Pods-CalenderApp.release.xcconfig */,
			);
			path = Pods;
			sourceTree = "<group>";
		};
		CE07D8C0229FB14A00D5BAFB = {
			isa = PBXGroup;
			children = (
				CE07D8CB229FB14A00D5BAFB /* CalenderApp */,
				CE07D8CA229FB14A00D5BAFB /* Products */,
				997344FAA3546D6F00B0D668 /* Pods */,
				68202F1CD923C284C16F8AAD /* Frameworks */,
			);
			sourceTree = "<group>";
		};
		CE07D8CA229FB14A00D5BAFB /* Products */ = {
			isa = PBXGroup;
			children = (
				CE07D8C9229FB14A00D5BAFB /* CalenderApp.app */,
			);
			name = Products;
			sourceTree = "<group>";
		};
		CE07D8CB229FB14A00D5BAFB /* CalenderApp */ = {
			isa = PBXGroup;
			children = (
				CE07D8CC229FB14A00D5BAFB /* AppDelegate.swift */,
				CE07D8CE229FB14A00D5BAFB /* ViewController.swift */,
				CE07D8E022ACD5A200D5BAFB /* LoginViewController.swift */,
				CE07D8D0229FB14A00D5BAFB /* Main.storyboard */,
				CE07D8E222ADFDF800D5BAFB /* HomeViewController.swift */,
				CE07D8E422ADFE0C00D5BAFB /* ArtistSearchViewController.swift */,
				CE07D8E622ADFE1600D5BAFB /* ArtistListViewController.swift */,
				CE07D8E822ADFE2000D5BAFB /* ArtistViewController.swift */,
				CE07D8EA22ADFE2C00D5BAFB /* LiveSearchListViewController.swift */,
				CE07D8EC22ADFE3A00D5BAFB /* LiveSearchViewController.swift */,
				CE07D8EE22ADFE4300D5BAFB /* LiveListViewController.swift */,
				CE07D8F022ADFE4C00D5BAFB /* LiveViewController.swift */,
				CE07D8F222ADFE5A00D5BAFB /* LiveHouseViewController.swift */,
				CE07D8F422ADFE6700D5BAFB /* A_HomeViewController.swift */,
				CE07D8F622ADFE7700D5BAFB /* A_InfomationLiveViewController.swift */,
				CE07D8F822ADFE8500D5BAFB /* A_InfomationArtistViewController.swift */,
				CE07D8FA22ADFE9100D5BAFB /* A_InfomationLiveListViewController.swift */,
				CE07D8FC22ADFEA300D5BAFB /* A_SearchLiveHouseViewController.swift */,
				CE07D8FE22ADFEB000D5BAFB /* A_ReservationViewController.swift */,
				CE07D90022ADFEBA00D5BAFB /* A_RequestViewController.swift */,
				CE07D8D3229FB14D00D5BAFB /* Assets.xcassets */,
				CE07D8D5229FB14D00D5BAFB /* LaunchScreen.storyboard */,
				CE07D8DE22A8E98200D5BAFB /* GoogleService-Info.plist */,
				CE07D8D8229FB14D00D5BAFB /* Info.plist */,
			);
			path = CalenderApp;
			sourceTree = "<group>";
		};
/* End PBXGroup section */

/* Begin PBXNativeTarget section */
		CE07D8C8229FB14A00D5BAFB /* CalenderApp */ = {
			isa = PBXNativeTarget;
			buildConfigurationList = CE07D8DB229FB14D00D5BAFB /* Build configuration list for PBXNativeTarget "CalenderApp" */;
			buildPhases = (
				73CA88C3C66D8C6A84ABD597 /* [CP] Check Pods Manifest.lock */,
				CE07D8C5229FB14A00D5BAFB /* Sources */,
				CE07D8C6229FB14A00D5BAFB /* Frameworks */,
				CE07D8C7229FB14A00D5BAFB /* Resources */,
				11D1188990262EF3395BB72D /* [CP] Embed Pods Frameworks */,
			);
			buildRules = (
			);
			dependencies = (
			);
			name = CalenderApp;
			productName = CalenderApp;
			productReference = CE07D8C9229FB14A00D5BAFB /* CalenderApp.app */;
			productType = "com.apple.product-type.application";
		};
/* End PBXNativeTarget section */

/* Begin PBXProject section */
		CE07D8C1229FB14A00D5BAFB /* Project object */ = {
			isa = PBXProject;
			attributes = {
				LastSwiftUpdateCheck = 1020;
				LastUpgradeCheck = 1020;
				ORGANIZATIONNAME = yuuki.maruyama;
				TargetAttributes = {
					CE07D8C8229FB14A00D5BAFB = {
						CreatedOnToolsVersion = 10.2.1;
					};
				};
			};
			buildConfigurationList = CE07D8C4229FB14A00D5BAFB /* Build configuration list for PBXProject "CalenderApp" */;
			compatibilityVersion = "Xcode 9.3";
			developmentRegion = en;
			hasScannedForEncodings = 0;
			knownRegions = (
				en,
				Base,
			);
			mainGroup = CE07D8C0229FB14A00D5BAFB;
			productRefGroup = CE07D8CA229FB14A00D5BAFB /* Products */;
			projectDirPath = "";
			projectRoot = "";
			targets = (
				CE07D8C8229FB14A00D5BAFB /* CalenderApp */,
			);
		};
/* End PBXProject section */

/* Begin PBXResourcesBuildPhase section */
		CE07D8C7229FB14A00D5BAFB /* Resources */ = {
			isa = PBXResourcesBuildPhase;
			buildActionMask = 2147483647;
			files = (
				CE07D8DF22A8E98200D5BAFB /* GoogleService-Info.plist in Resources */,
				CE07D8D7229FB14D00D5BAFB /* LaunchScreen.storyboard in Resources */,
				CE07D8D4229FB14D00D5BAFB /* Assets.xcassets in Resources */,
				CE07D8D2229FB14A00D5BAFB /* Main.storyboard in Resources */,
			);
			runOnlyForDeploymentPostprocessing = 0;
		};
/* End PBXResourcesBuildPhase section */

/* Begin PBXShellScriptBuildPhase section */
		11D1188990262EF3395BB72D /* [CP] Embed Pods Frameworks */ = {
			isa = PBXShellScriptBuildPhase;
			buildActionMask = 2147483647;
			files = (
			);
			inputFileListPaths = (
			);
			inputPaths = (
				"${PODS_ROOT}/Target Support Files/Pods-CalenderApp/Pods-CalenderApp-frameworks.sh",
				"${BUILT_PRODUCTS_DIR}/CLImageEditor/CLImageEditor.framework",
				"${BUILT_PRODUCTS_DIR}/CalculateCalendarLogic/CalculateCalendarLogic.framework",
				"${BUILT_PRODUCTS_DIR}/ESTabBarController/ESTabBarController.framework",
				"${BUILT_PRODUCTS_DIR}/FSCalendar/FSCalendar.framework",
				"${BUILT_PRODUCTS_DIR}/GTMSessionFetcher/GTMSessionFetcher.framework",
				"${BUILT_PRODUCTS_DIR}/GoogleUtilities/GoogleUtilities.framework",
				"${BUILT_PRODUCTS_DIR}/SVProgressHUD/SVProgressHUD.framework",
				"${BUILT_PRODUCTS_DIR}/leveldb-library/leveldb.framework",
				"${BUILT_PRODUCTS_DIR}/nanopb/nanopb.framework",
			);
			name = "[CP] Embed Pods Frameworks";
			outputFileListPaths = (
			);
			outputPaths = (
				"${TARGET_BUILD_DIR}/${FRAMEWORKS_FOLDER_PATH}/CLImageEditor.framework",
				"${TARGET_BUILD_DIR}/${FRAMEWORKS_FOLDER_PATH}/CalculateCalendarLogic.framework",
				"${TARGET_BUILD_DIR}/${FRAMEWORKS_FOLDER_PATH}/ESTabBarController.framework",
				"${TARGET_BUILD_DIR}/${FRAMEWORKS_FOLDER_PATH}/FSCalendar.framework",
				"${TARGET_BUILD_DIR}/${FRAMEWORKS_FOLDER_PATH}/GTMSessionFetcher.framework",
				"${TARGET_BUILD_DIR}/${FRAMEWORKS_FOLDER_PATH}/GoogleUtilities.framework",
				"${TARGET_BUILD_DIR}/${FRAMEWORKS_FOLDER_PATH}/SVProgressHUD.framework",
				"${TARGET_BUILD_DIR}/${FRAMEWORKS_FOLDER_PATH}/leveldb.framework",
				"${TARGET_BUILD_DIR}/${FRAMEWORKS_FOLDER_PATH}/nanopb.framework",
			);
			runOnlyForDeploymentPostprocessing = 0;
			shellPath = /bin/sh;
			shellScript = "\"${PODS_ROOT}/Target Support Files/Pods-CalenderApp/Pods-CalenderApp-frameworks.sh\"\n";
			showEnvVarsInLog = 0;
		};
		73CA88C3C66D8C6A84ABD597 /* [CP] Check Pods Manifest.lock */ = {
			isa = PBXShellScriptBuildPhase;
			buildActionMask = 2147483647;
			files = (
			);
			inputFileListPaths = (
			);
			inputPaths = (
				"${PODS_PODFILE_DIR_PATH}/Podfile.lock",
				"${PODS_ROOT}/Manifest.lock",
			);
			name = "[CP] Check Pods Manifest.lock";
			outputFileListPaths = (
			);
			outputPaths = (
				"$(DERIVED_FILE_DIR)/Pods-CalenderApp-checkManifestLockResult.txt",
			);
			runOnlyForDeploymentPostprocessing = 0;
			shellPath = /bin/sh;
			shellScript = "diff \"${PODS_PODFILE_DIR_PATH}/Podfile.lock\" \"${PODS_ROOT}/Manifest.lock\" > /dev/null\nif [ $? != 0 ] ; then\n    # print error to STDERR\n    echo \"error: The sandbox is not in sync with the Podfile.lock. Run 'pod install' or update your CocoaPods installation.\" >&2\n    exit 1\nfi\n# This output is used by Xcode 'outputs' to avoid re-running this script phase.\necho \"SUCCESS\" > \"${SCRIPT_OUTPUT_FILE_0}\"\n";
			showEnvVarsInLog = 0;
		};
/* End PBXShellScriptBuildPhase section */

/* Begin PBXSourcesBuildPhase section */
		CE07D8C5229FB14A00D5BAFB /* Sources */ = {
			isa = PBXSourcesBuildPhase;
			buildActionMask = 2147483647;
			files = (
				CE07D8E122ACD5A200D5BAFB /* LoginViewController.swift in Sources */,
				CE07D8FF22ADFEB000D5BAFB /* A_ReservationViewController.swift in Sources */,
				CE07D8CF229FB14A00D5BAFB /* ViewController.swift in Sources */,
				CE07D8FD22ADFEA300D5BAFB /* A_SearchLiveHouseViewController.swift in Sources */,
				CE07D8FB22ADFE9100D5BAFB /* A_InfomationLiveListViewController.swift in Sources */,
				CE07D8CD229FB14A00D5BAFB /* AppDelegate.swift in Sources */,
				CE07D8E922ADFE2000D5BAFB /* ArtistViewController.swift in Sources */,
				CE07D8E322ADFDF800D5BAFB /* HomeViewController.swift in Sources */,
				CE07D8ED22ADFE3A00D5BAFB /* LiveSearchViewController.swift in Sources */,
				CE07D8F922ADFE8500D5BAFB /* A_InfomationArtistViewController.swift in Sources */,
				CE07D8EF22ADFE4300D5BAFB /* LiveListViewController.swift in Sources */,
				CE07D8F322ADFE5A00D5BAFB /* LiveHouseViewController.swift in Sources */,
				CE07D8E522ADFE0C00D5BAFB /* ArtistSearchViewController.swift in Sources */,
				CE07D8EB22ADFE2C00D5BAFB /* LiveSearchListViewController.swift in Sources */,
				CE07D8F522ADFE6700D5BAFB /* A_HomeViewController.swift in Sources */,
				CE07D8E722ADFE1600D5BAFB /* ArtistListViewController.swift in Sources */,
				CE07D8F722ADFE7700D5BAFB /* A_InfomationLiveViewController.swift in Sources */,
				CE07D90122ADFEBA00D5BAFB /* A_RequestViewController.swift in Sources */,
				CE07D8F122ADFE4C00D5BAFB /* LiveViewController.swift in Sources */,
			);
			runOnlyForDeploymentPostprocessing = 0;
		};
/* End PBXSourcesBuildPhase section */

/* Begin PBXVariantGroup section */
		CE07D8D0229FB14A00D5BAFB /* Main.storyboard */ = {
			isa = PBXVariantGroup;
			children = (
				CE07D8D1229FB14A00D5BAFB /* Base */,
			);
			name = Main.storyboard;
			sourceTree = "<group>";
		};
		CE07D8D5229FB14D00D5BAFB /* LaunchScreen.storyboard */ = {
			isa = PBXVariantGroup;
			children = (
				CE07D8D6229FB14D00D5BAFB /* Base */,
			);
			name = LaunchScreen.storyboard;
			sourceTree = "<group>";
		};
/* End PBXVariantGroup section */

/* Begin XCBuildConfiguration section */
		CE07D8D9229FB14D00D5BAFB /* Debug */ = {
			isa = XCBuildConfiguration;
			buildSettings = {
				ALWAYS_SEARCH_USER_PATHS = NO;
				CLANG_ANALYZER_NONNULL = YES;
				CLANG_ANALYZER_NUMBER_OBJECT_CONVERSION = YES_AGGRESSIVE;
				CLANG_CXX_LANGUAGE_STANDARD = "gnu++14";
				CLANG_CXX_LIBRARY = "libc++";
				CLANG_ENABLE_MODULES = YES;
				CLANG_ENABLE_OBJC_ARC = YES;
				CLANG_ENABLE_OBJC_WEAK = YES;
				CLANG_WARN_BLOCK_CAPTURE_AUTORELEASING = YES;
				CLANG_WARN_BOOL_CONVERSION = YES;
				CLANG_WARN_COMMA = YES;
				CLANG_WARN_CONSTANT_CONVERSION = YES;
				CLANG_WARN_DEPRECATED_OBJC_IMPLEMENTATIONS = YES;
				CLANG_WARN_DIRECT_OBJC_ISA_USAGE = YES_ERROR;
				CLANG_WARN_DOCUMENTATION_COMMENTS = YES;
				CLANG_WARN_EMPTY_BODY = YES;
				CLANG_WARN_ENUM_CONVERSION = YES;
				CLANG_WARN_INFINITE_RECURSION = YES;
				CLANG_WARN_INT_CONVERSION = YES;
				CLANG_WARN_NON_LITERAL_NULL_CONVERSION = YES;
				CLANG_WARN_OBJC_IMPLICIT_RETAIN_SELF = YES;
				CLANG_WARN_OBJC_LITERAL_CONVERSION = YES;
				CLANG_WARN_OBJC_ROOT_CLASS = YES_ERROR;
				CLANG_WARN_RANGE_LOOP_ANALYSIS = YES;
				CLANG_WARN_STRICT_PROTOTYPES = YES;
				CLANG_WARN_SUSPICIOUS_MOVE = YES;
				CLANG_WARN_UNGUARDED_AVAILABILITY = YES_AGGRESSIVE;
				CLANG_WARN_UNREACHABLE_CODE = YES;
				CLANG_WARN__DUPLICATE_METHOD_MATCH = YES;
				CODE_SIGN_IDENTITY = "iPhone Developer";
				COPY_PHASE_STRIP = NO;
				DEBUG_INFORMATION_FORMAT = dwarf;
				ENABLE_STRICT_OBJC_MSGSEND = YES;
				ENABLE_TESTABILITY = YES;
				GCC_C_LANGUAGE_STANDARD = gnu11;
				GCC_DYNAMIC_NO_PIC = NO;
				GCC_NO_COMMON_BLOCKS = YES;
				GCC_OPTIMIZATION_LEVEL = 0;
				GCC_PREPROCESSOR_DEFINITIONS = (
					"DEBUG=1",
					"$(inherited)",
				);
				GCC_WARN_64_TO_32_BIT_CONVERSION = YES;
				GCC_WARN_ABOUT_RETURN_TYPE = YES_ERROR;
				GCC_WARN_UNDECLARED_SELECTOR = YES;
				GCC_WARN_UNINITIALIZED_AUTOS = YES_AGGRESSIVE;
				GCC_WARN_UNUSED_FUNCTION = YES;
				GCC_WARN_UNUSED_VARIABLE = YES;
				IPHONEOS_DEPLOYMENT_TARGET = 12.2;
				MTL_ENABLE_DEBUG_INFO = INCLUDE_SOURCE;
				MTL_FAST_MATH = YES;
				ONLY_ACTIVE_ARCH = YES;
				SDKROOT = iphoneos;
				SWIFT_ACTIVE_COMPILATION_CONDITIONS = DEBUG;
				SWIFT_OPTIMIZATION_LEVEL = "-Onone";
			};
			name = Debug;
		};
		CE07D8DA229FB14D00D5BAFB /* Release */ = {
			isa = XCBuildConfiguration;
			buildSettings = {
				ALWAYS_SEARCH_USER_PATHS = NO;
				CLANG_ANALYZER_NONNULL = YES;
				CLANG_ANALYZER_NUMBER_OBJECT_CONVERSION = YES_AGGRESSIVE;
				CLANG_CXX_LANGUAGE_STANDARD = "gnu++14";
				CLANG_CXX_LIBRARY = "libc++";
				CLANG_ENABLE_MODULES = YES;
				CLANG_ENABLE_OBJC_ARC = YES;
				CLANG_ENABLE_OBJC_WEAK = YES;
				CLANG_WARN_BLOCK_CAPTURE_AUTORELEASING = YES;
				CLANG_WARN_BOOL_CONVERSION = YES;
				CLANG_WARN_COMMA = YES;
				CLANG_WARN_CONSTANT_CONVERSION = YES;
				CLANG_WARN_DEPRECATED_OBJC_IMPLEMENTATIONS = YES;
				CLANG_WARN_DIRECT_OBJC_ISA_USAGE = YES_ERROR;
				CLANG_WARN_DOCUMENTATION_COMMENTS = YES;
				CLANG_WARN_EMPTY_BODY = YES;
				CLANG_WARN_ENUM_CONVERSION = YES;
				CLANG_WARN_INFINITE_RECURSION = YES;
				CLANG_WARN_INT_CONVERSION = YES;
				CLANG_WARN_NON_LITERAL_NULL_CONVERSION = YES;
				CLANG_WARN_OBJC_IMPLICIT_RETAIN_SELF = YES;
				CLANG_WARN_OBJC_LITERAL_CONVERSION = YES;
				CLANG_WARN_OBJC_ROOT_CLASS = YES_ERROR;
				CLANG_WARN_RANGE_LOOP_ANALYSIS = YES;
				CLANG_WARN_STRICT_PROTOTYPES = YES;
				CLANG_WARN_SUSPICIOUS_MOVE = YES;
				CLANG_WARN_UNGUARDED_AVAILABILITY = YES_AGGRESSIVE;
				CLANG_WARN_UNREACHABLE_CODE = YES;
				CLANG_WARN__DUPLICATE_METHOD_MATCH = YES;
				CODE_SIGN_IDENTITY = "iPhone Developer";
				COPY_PHASE_STRIP = NO;
				DEBUG_INFORMATION_FORMAT = "dwarf-with-dsym";
				ENABLE_NS_ASSERTIONS = NO;
				ENABLE_STRICT_OBJC_MSGSEND = YES;
				GCC_C_LANGUAGE_STANDARD = gnu11;
				GCC_NO_COMMON_BLOCKS = YES;
				GCC_WARN_64_TO_32_BIT_CONVERSION = YES;
				GCC_WARN_ABOUT_RETURN_TYPE = YES_ERROR;
				GCC_WARN_UNDECLARED_SELECTOR = YES;
				GCC_WARN_UNINITIALIZED_AUTOS = YES_AGGRESSIVE;
				GCC_WARN_UNUSED_FUNCTION = YES;
				GCC_WARN_UNUSED_VARIABLE = YES;
				IPHONEOS_DEPLOYMENT_TARGET = 12.2;
				MTL_ENABLE_DEBUG_INFO = NO;
				MTL_FAST_MATH = YES;
				SDKROOT = iphoneos;
				SWIFT_COMPILATION_MODE = wholemodule;
				SWIFT_OPTIMIZATION_LEVEL = "-O";
				VALIDATE_PRODUCT = YES;
			};
			name = Release;
		};
		CE07D8DC229FB14D00D5BAFB /* Debug */ = {
			isa = XCBuildConfiguration;
			baseConfigurationReference = DE40504940CDC67384BC8FC1 /* Pods-CalenderApp.debug.xcconfig */;
			buildSettings = {
				ASSETCATALOG_COMPILER_APPICON_NAME = AppIcon;
				CODE_SIGN_STYLE = Automatic;
				DEVELOPMENT_TEAM = TZC4UBNHU5;
				INFOPLIST_FILE = CalenderApp/Info.plist;
				LD_RUNPATH_SEARCH_PATHS = (
					"$(inherited)",
					"@executable_path/Frameworks",
				);
				PRODUCT_BUNDLE_IDENTIFIER = jp.techacademy.yuuki.maruyama.CalenderApp;
				PRODUCT_NAME = "$(TARGET_NAME)";
				SWIFT_VERSION = 5.0;
				TARGETED_DEVICE_FAMILY = "1,2";
			};
			name = Debug;
		};
		CE07D8DD229FB14D00D5BAFB /* Release */ = {
			isa = XCBuildConfiguration;
			baseConfigurationReference = D3358CA0A65338857E8F1A50 /* Pods-CalenderApp.release.xcconfig */;
			buildSettings = {
				ASSETCATALOG_COMPILER_APPICON_NAME = AppIcon;
				CODE_SIGN_STYLE = Automatic;
				DEVELOPMENT_TEAM = TZC4UBNHU5;
				INFOPLIST_FILE = CalenderApp/Info.plist;
				LD_RUNPATH_SEARCH_PATHS = (
					"$(inherited)",
					"@executable_path/Frameworks",
				);
				PRODUCT_BUNDLE_IDENTIFIER = jp.techacademy.yuuki.maruyama.CalenderApp;
				PRODUCT_NAME = "$(TARGET_NAME)";
				SWIFT_VERSION = 5.0;
				TARGETED_DEVICE_FAMILY = "1,2";
			};
			name = Release;
		};
/* End XCBuildConfiguration section */

/* Begin XCConfigurationList section */
		CE07D8C4229FB14A00D5BAFB /* Build configuration list for PBXProject "CalenderApp" */ = {
			isa = XCConfigurationList;
			buildConfigurations = (
				CE07D8D9229FB14D00D5BAFB /* Debug */,
				CE07D8DA229FB14D00D5BAFB /* Release */,
			);
			defaultConfigurationIsVisible = 0;
			defaultConfigurationName = Release;
		};
		CE07D8DB229FB14D00D5BAFB /* Build configuration list for PBXNativeTarget "CalenderApp" */ = {
			isa = XCConfigurationList;
			buildConfigurations = (
				CE07D8DC229FB14D00D5BAFB /* Debug */,
				CE07D8DD229FB14D00D5BAFB /* Release */,
			);
			defaultConfigurationIsVisible = 0;
			defaultConfigurationName = Release;
		};
/* End XCConfigurationList section */
	};
	rootObject = CE07D8C1229FB14A00D5BAFB /* Project object */;
}
